// !$*UTF8*$!
{
	archiveVersion = 1;
	classes = {
	};
	objectVersion = 46;
	objects = {

/* Begin PBXBuildFile section */
		8DBCF249DD384C58B59FD32C /* libPods.a in Frameworks */ = {isa = PBXBuildFile; fileRef = 65A35ED70B4A4D3CAA7D6515 /* libPods.a */; };
		FA2C49AD18632A260035348F /* Foundation.framework in Frameworks */ = {isa = PBXBuildFile; fileRef = FA2C49AC18632A260035348F /* Foundation.framework */; };
		FA2C49BB18632A260035348F /* XCTest.framework in Frameworks */ = {isa = PBXBuildFile; fileRef = FA2C49BA18632A260035348F /* XCTest.framework */; };
		FA2C49BC18632A260035348F /* Foundation.framework in Frameworks */ = {isa = PBXBuildFile; fileRef = FA2C49AC18632A260035348F /* Foundation.framework */; };
		FA2C49BE18632A260035348F /* UIKit.framework in Frameworks */ = {isa = PBXBuildFile; fileRef = FA2C49BD18632A260035348F /* UIKit.framework */; };
		FA2C49C118632A260035348F /* libAOTNSURLSessionDownloadOperation.a in Frameworks */ = {isa = PBXBuildFile; fileRef = FA2C49A918632A260035348F /* libAOTNSURLSessionDownloadOperation.a */; };
		FA2C49C718632A260035348F /* InfoPlist.strings in Resources */ = {isa = PBXBuildFile; fileRef = FA2C49C518632A260035348F /* InfoPlist.strings */; };
		FA2C49C918632A260035348F /* AOTNSURLSessionDownloadOperationTests.m in Sources */ = {isa = PBXBuildFile; fileRef = FA2C49C818632A260035348F /* AOTNSURLSessionDownloadOperationTests.m */; };
		FA2C49D518632C3D0035348F /* AOTNSURLSessionDownloadOperation.m in Sources */ = {isa = PBXBuildFile; fileRef = FA2C49D418632C3D0035348F /* AOTNSURLSessionDownloadOperation.m */; };
/* End PBXBuildFile section */

/* Begin PBXContainerItemProxy section */
		FA2C49BF18632A260035348F /* PBXContainerItemProxy */ = {
			isa = PBXContainerItemProxy;
			containerPortal = FA2C49A118632A260035348F /* Project object */;
			proxyType = 1;
			remoteGlobalIDString = FA2C49A818632A260035348F;
			remoteInfo = AOTNSURLSessionDownloadOperation;
		};
/* End PBXContainerItemProxy section */

/* Begin PBXCopyFilesBuildPhase section */
		FA2C49A718632A260035348F /* CopyFiles */ = {
			isa = PBXCopyFilesBuildPhase;
			buildActionMask = 2147483647;
			dstPath = "include/$(PRODUCT_NAME)";
			dstSubfolderSpec = 16;
			files = (
			);
			runOnlyForDeploymentPostprocessing = 0;
		};
/* End PBXCopyFilesBuildPhase section */

/* Begin PBXFileReference section */
		3537D53C3F0D4341ADDE93C4 /* Pods.xcconfig */ = {isa = PBXFileReference; includeInIndex = 1; lastKnownFileType = text.xcconfig; name = Pods.xcconfig; path = Pods/Pods.xcconfig; sourceTree = "<group>"; };
		65A35ED70B4A4D3CAA7D6515 /* libPods.a */ = {isa = PBXFileReference; explicitFileType = archive.ar; includeInIndex = 0; path = libPods.a; sourceTree = BUILT_PRODUCTS_DIR; };
		FA2C49A918632A260035348F /* libAOTNSURLSessionDownloadOperation.a */ = {isa = PBXFileReference; explicitFileType = archive.ar; includeInIndex = 0; path = libAOTNSURLSessionDownloadOperation.a; sourceTree = BUILT_PRODUCTS_DIR; };
		FA2C49AC18632A260035348F /* Foundation.framework */ = {isa = PBXFileReference; lastKnownFileType = wrapper.framework; name = Foundation.framework; path = System/Library/Frameworks/Foundation.framework; sourceTree = SDKROOT; };
		FA2C49B018632A260035348F /* AOTNSURLSessionDownloadOperation-Prefix.pch */ = {isa = PBXFileReference; lastKnownFileType = sourcecode.c.h; path = "AOTNSURLSessionDownloadOperation-Prefix.pch"; sourceTree = "<group>"; };
		FA2C49B918632A260035348F /* AOTNSURLSessionDownloadOperationTests.xctest */ = {isa = PBXFileReference; explicitFileType = wrapper.cfbundle; includeInIndex = 0; path = AOTNSURLSessionDownloadOperationTests.xctest; sourceTree = BUILT_PRODUCTS_DIR; };
		FA2C49BA18632A260035348F /* XCTest.framework */ = {isa = PBXFileReference; lastKnownFileType = wrapper.framework; name = XCTest.framework; path = Library/Frameworks/XCTest.framework; sourceTree = DEVELOPER_DIR; };
		FA2C49BD18632A260035348F /* UIKit.framework */ = {isa = PBXFileReference; lastKnownFileType = wrapper.framework; name = UIKit.framework; path = Library/Frameworks/UIKit.framework; sourceTree = DEVELOPER_DIR; };
		FA2C49C418632A260035348F /* AOTNSURLSessionDownloadOperationTests-Info.plist */ = {isa = PBXFileReference; lastKnownFileType = text.plist.xml; path = "AOTNSURLSessionDownloadOperationTests-Info.plist"; sourceTree = "<group>"; };
		FA2C49C618632A260035348F /* en */ = {isa = PBXFileReference; lastKnownFileType = text.plist.strings; name = en; path = en.lproj/InfoPlist.strings; sourceTree = "<group>"; };
		FA2C49C818632A260035348F /* AOTNSURLSessionDownloadOperationTests.m */ = {isa = PBXFileReference; lastKnownFileType = sourcecode.c.objc; path = AOTNSURLSessionDownloadOperationTests.m; sourceTree = "<group>"; };
		FA2C49D318632C3D0035348F /* AOTNSURLSessionDownloadOperation.h */ = {isa = PBXFileReference; fileEncoding = 4; lastKnownFileType = sourcecode.c.h; path = AOTNSURLSessionDownloadOperation.h; sourceTree = "<group>"; };
		FA2C49D418632C3D0035348F /* AOTNSURLSessionDownloadOperation.m */ = {isa = PBXFileReference; fileEncoding = 4; lastKnownFileType = sourcecode.c.objc; path = AOTNSURLSessionDownloadOperation.m; sourceTree = "<group>"; };
/* End PBXFileReference section */

/* Begin PBXFrameworksBuildPhase section */
		FA2C49A618632A260035348F /* Frameworks */ = {
			isa = PBXFrameworksBuildPhase;
			buildActionMask = 2147483647;
			files = (
				FA2C49AD18632A260035348F /* Foundation.framework in Frameworks */,
				8DBCF249DD384C58B59FD32C /* libPods.a in Frameworks */,
			);
			runOnlyForDeploymentPostprocessing = 0;
		};
		FA2C49B618632A260035348F /* Frameworks */ = {
			isa = PBXFrameworksBuildPhase;
			buildActionMask = 2147483647;
			files = (
				FA2C49C118632A260035348F /* libAOTNSURLSessionDownloadOperation.a in Frameworks */,
				FA2C49BB18632A260035348F /* XCTest.framework in Frameworks */,
				FA2C49BE18632A260035348F /* UIKit.framework in Frameworks */,
				FA2C49BC18632A260035348F /* Foundation.framework in Frameworks */,
			);
			runOnlyForDeploymentPostprocessing = 0;
		};
/* End PBXFrameworksBuildPhase section */

/* Begin PBXGroup section */
		FA2C49A018632A260035348F = {
			isa = PBXGroup;
			children = (
				FA2C49AE18632A260035348F /* AOTNSURLSessionDownloadOperation */,
				FA2C49C218632A260035348F /* AOTNSURLSessionDownloadOperationTests */,
				FA2C49AB18632A260035348F /* Frameworks */,
				FA2C49AA18632A260035348F /* Products */,
				3537D53C3F0D4341ADDE93C4 /* Pods.xcconfig */,
			);
			sourceTree = "<group>";
		};
		FA2C49AA18632A260035348F /* Products */ = {
			isa = PBXGroup;
			children = (
				FA2C49A918632A260035348F /* libAOTNSURLSessionDownloadOperation.a */,
				FA2C49B918632A260035348F /* AOTNSURLSessionDownloadOperationTests.xctest */,
			);
			name = Products;
			sourceTree = "<group>";
		};
		FA2C49AB18632A260035348F /* Frameworks */ = {
			isa = PBXGroup;
			children = (
				FA2C49AC18632A260035348F /* Foundation.framework */,
				FA2C49BA18632A260035348F /* XCTest.framework */,
				FA2C49BD18632A260035348F /* UIKit.framework */,
				65A35ED70B4A4D3CAA7D6515 /* libPods.a */,
			);
			name = Frameworks;
			sourceTree = "<group>";
		};
		FA2C49AE18632A260035348F /* AOTNSURLSessionDownloadOperation */ = {
			isa = PBXGroup;
			children = (
				FA2C49D218632BF40035348F /* Classes */,
				FA2C49AF18632A260035348F /* Supporting Files */,
			);
			path = AOTNSURLSessionDownloadOperation;
			sourceTree = "<group>";
		};
		FA2C49AF18632A260035348F /* Supporting Files */ = {
			isa = PBXGroup;
			children = (
				FA2C49B018632A260035348F /* AOTNSURLSessionDownloadOperation-Prefix.pch */,
			);
			name = "Supporting Files";
			sourceTree = "<group>";
		};
		FA2C49C218632A260035348F /* AOTNSURLSessionDownloadOperationTests */ = {
			isa = PBXGroup;
			children = (
				FA2C49C818632A260035348F /* AOTNSURLSessionDownloadOperationTests.m */,
				FA2C49C318632A260035348F /* Supporting Files */,
			);
			path = AOTNSURLSessionDownloadOperationTests;
			sourceTree = "<group>";
		};
		FA2C49C318632A260035348F /* Supporting Files */ = {
			isa = PBXGroup;
			children = (
				FA2C49C418632A260035348F /* AOTNSURLSessionDownloadOperationTests-Info.plist */,
				FA2C49C518632A260035348F /* InfoPlist.strings */,
			);
			name = "Supporting Files";
			sourceTree = "<group>";
		};
		FA2C49D218632BF40035348F /* Classes */ = {
			isa = PBXGroup;
			children = (
				FA2C49D318632C3D0035348F /* AOTNSURLSessionDownloadOperation.h */,
				FA2C49D418632C3D0035348F /* AOTNSURLSessionDownloadOperation.m */,
			);
			path = Classes;
			sourceTree = "<group>";
		};
/* End PBXGroup section */

/* Begin PBXNativeTarget section */
		FA2C49A818632A260035348F /* AOTNSURLSessionDownloadOperation */ = {
			isa = PBXNativeTarget;
			buildConfigurationList = FA2C49CC18632A260035348F /* Build configuration list for PBXNativeTarget "AOTNSURLSessionDownloadOperation" */;
			buildPhases = (
				315CEE5A132D487EAD4941F5 /* Check Pods Manifest.lock */,
				FA2C49A518632A260035348F /* Sources */,
				FA2C49A618632A260035348F /* Frameworks */,
				FA2C49A718632A260035348F /* CopyFiles */,
				5AD23FDA0B6B4A618A1941AB /* Copy Pods Resources */,
			);
			buildRules = (
			);
			dependencies = (
			);
			name = AOTNSURLSessionDownloadOperation;
			productName = AOTNSURLSessionDownloadOperation;
			productReference = FA2C49A918632A260035348F /* libAOTNSURLSessionDownloadOperation.a */;
			productType = "com.apple.product-type.library.static";
		};
		FA2C49B818632A260035348F /* AOTNSURLSessionDownloadOperationTests */ = {
			isa = PBXNativeTarget;
			buildConfigurationList = FA2C49CF18632A260035348F /* Build configuration list for PBXNativeTarget "AOTNSURLSessionDownloadOperationTests" */;
			buildPhases = (
				FA2C49B518632A260035348F /* Sources */,
				FA2C49B618632A260035348F /* Frameworks */,
				FA2C49B718632A260035348F /* Resources */,
			);
			buildRules = (
			);
			dependencies = (
				FA2C49C018632A260035348F /* PBXTargetDependency */,
			);
			name = AOTNSURLSessionDownloadOperationTests;
			productName = AOTNSURLSessionDownloadOperationTests;
			productReference = FA2C49B918632A260035348F /* AOTNSURLSessionDownloadOperationTests.xctest */;
			productType = "com.apple.product-type.bundle.unit-test";
		};
/* End PBXNativeTarget section */

/* Begin PBXProject section */
		FA2C49A118632A260035348F /* Project object */ = {
			isa = PBXProject;
			attributes = {
				LastUpgradeCheck = 0500;
				ORGANIZATIONNAME = "Alex Manarpies";
			};
			buildConfigurationList = FA2C49A418632A260035348F /* Build configuration list for PBXProject "AOTNSURLSessionDownloadOperation" */;
			compatibilityVersion = "Xcode 3.2";
			developmentRegion = English;
			hasScannedForEncodings = 0;
			knownRegions = (
				en,
			);
			mainGroup = FA2C49A018632A260035348F;
			productRefGroup = FA2C49AA18632A260035348F /* Products */;
			projectDirPath = "";
			projectRoot = "";
			targets = (
				FA2C49A818632A260035348F /* AOTNSURLSessionDownloadOperation */,
				FA2C49B818632A260035348F /* AOTNSURLSessionDownloadOperationTests */,
			);
		};
/* End PBXProject section */

/* Begin PBXResourcesBuildPhase section */
		FA2C49B718632A260035348F /* Resources */ = {
			isa = PBXResourcesBuildPhase;
			buildActionMask = 2147483647;
			files = (
				FA2C49C718632A260035348F /* InfoPlist.strings in Resources */,
			);
			runOnlyForDeploymentPostprocessing = 0;
		};
/* End PBXResourcesBuildPhase section */

/* Begin PBXShellScriptBuildPhase section */
		315CEE5A132D487EAD4941F5 /* Check Pods Manifest.lock */ = {
			isa = PBXShellScriptBuildPhase;
			buildActionMask = 2147483647;
			files = (
			);
			inputPaths = (
			);
			name = "Check Pods Manifest.lock";
			outputPaths = (
			);
			runOnlyForDeploymentPostprocessing = 0;
			shellPath = /bin/sh;
			shellScript = "diff \"${PODS_ROOT}/../Podfile.lock\" \"${PODS_ROOT}/Manifest.lock\" > /dev/null\nif [[ $? != 0 ]] ; then\n    cat << EOM\nerror: The sandbox is not in sync with the Podfile.lock. Run 'pod install' or update your CocoaPods installation.\nEOM\n    exit 1\nfi\n";
			showEnvVarsInLog = 0;
		};
		5AD23FDA0B6B4A618A1941AB /* Copy Pods Resources */ = {
			isa = PBXShellScriptBuildPhase;
			buildActionMask = 2147483647;
			files = (
			);
			inputPaths = (
			);
			name = "Copy Pods Resources";
			outputPaths = (
			);
			runOnlyForDeploymentPostprocessing = 0;
			shellPath = /bin/sh;
			shellScript = "\"${SRCROOT}/Pods/Pods-resources.sh\"\n";
			showEnvVarsInLog = 0;
		};
/* End PBXShellScriptBuildPhase section */

/* Begin PBXSourcesBuildPhase section */
		FA2C49A518632A260035348F /* Sources */ = {
			isa = PBXSourcesBuildPhase;
			buildActionMask = 2147483647;
			files = (
				FA2C49D518632C3D0035348F /* AOTNSURLSessionDownloadOperation.m in Sources */,
			);
			runOnlyForDeploymentPostprocessing = 0;
		};
		FA2C49B518632A260035348F /* Sources */ = {
			isa = PBXSourcesBuildPhase;
			buildActionMask = 2147483647;
			files = (
				FA2C49C918632A260035348F /* AOTNSURLSessionDownloadOperationTests.m in Sources */,
			);
			runOnlyForDeploymentPostprocessing = 0;
		};
/* End PBXSourcesBuildPhase section */

/* Begin PBXTargetDependency section */
		FA2C49C018632A260035348F /* PBXTargetDependency */ = {
			isa = PBXTargetDependency;
			target = FA2C49A818632A260035348F /* AOTNSURLSessionDownloadOperation */;
			targetProxy = FA2C49BF18632A260035348F /* PBXContainerItemProxy */;
		};
/* End PBXTargetDependency section */

/* Begin PBXVariantGroup section */
		FA2C49C518632A260035348F /* InfoPlist.strings */ = {
			isa = PBXVariantGroup;
			children = (
				FA2C49C618632A260035348F /* en */,
			);
			name = InfoPlist.strings;
			sourceTree = "<group>";
		};
/* End PBXVariantGroup section */

/* Begin XCBuildConfiguration section */
		FA2C49CA18632A260035348F /* Debug */ = {
			isa = XCBuildConfiguration;
			buildSettings = {
				ALWAYS_SEARCH_USER_PATHS = NO;
				ARCHS = "$(ARCHS_STANDARD_INCLUDING_64_BIT)";
				CLANG_CXX_LANGUAGE_STANDARD = "gnu++0x";
				CLANG_CXX_LIBRARY = "libc++";
				CLANG_ENABLE_MODULES = YES;
				CLANG_ENABLE_OBJC_ARC = YES;
				CLANG_WARN_BOOL_CONVERSION = YES;
				CLANG_WARN_CONSTANT_CONVERSION = YES;
				CLANG_WARN_DIRECT_OBJC_ISA_USAGE = YES_ERROR;
				CLANG_WARN_EMPTY_BODY = YES;
				CLANG_WARN_ENUM_CONVERSION = YES;
				CLANG_WARN_INT_CONVERSION = YES;
				CLANG_WARN_OBJC_ROOT_CLASS = YES_ERROR;
				CLANG_WARN__DUPLICATE_METHOD_MATCH = YES;
				COPY_PHASE_STRIP = NO;
				GCC_C_LANGUAGE_STANDARD = gnu99;
				GCC_DYNAMIC_NO_PIC = NO;
				GCC_OPTIMIZATION_LEVEL = 0;
				GCC_PREPROCESSOR_DEFINITIONS = (
					"DEBUG=1",
					"$(inherited)",
				);
				GCC_SYMBOLS_PRIVATE_EXTERN = NO;
				GCC_WARN_64_TO_32_BIT_CONVERSION = YES;
				GCC_WARN_ABOUT_RETURN_TYPE = YES_ERROR;
				GCC_WARN_UNDECLARED_SELECTOR = YES;
				GCC_WARN_UNINITIALIZED_AUTOS = YES;
				GCC_WARN_UNUSED_FUNCTION = YES;
				GCC_WARN_UNUSED_VARIABLE = YES;
				IPHONEOS_DEPLOYMENT_TARGET = 7.0;
				ONLY_ACTIVE_ARCH = YES;
				SDKROOT = iphoneos;
			};
			name = Debug;
		};
		FA2C49CB18632A260035348F /* Release */ = {
			isa = XCBuildConfiguration;
			buildSettings = {
				ALWAYS_SEARCH_USER_PATHS = NO;
				ARCHS = "$(ARCHS_STANDARD_INCLUDING_64_BIT)";
				CLANG_CXX_LANGUAGE_STANDARD = "gnu++0x";
				CLANG_CXX_LIBRARY = "libc++";
				CLANG_ENABLE_MODULES = YES;
				CLANG_ENABLE_OBJC_ARC = YES;
				CLANG_WARN_BOOL_CONVERSION = YES;
				CLANG_WARN_CONSTANT_CONVERSION = YES;
				CLANG_WARN_DIRECT_OBJC_ISA_USAGE = YES_ERROR;
				CLANG_WARN_EMPTY_BODY = YES;
				CLANG_WARN_ENUM_CONVERSION = YES;
				CLANG_WARN_INT_CONVERSION = YES;
				CLANG_WARN_OBJC_ROOT_CLASS = YES_ERROR;
				CLANG_WARN__DUPLICATE_METHOD_MATCH = YES;
				COPY_PHASE_STRIP = YES;
				ENABLE_NS_ASSERTIONS = NO;
				GCC_C_LANGUAGE_STANDARD = gnu99;
				GCC_WARN_64_TO_32_BIT_CONVERSION = YES;
				GCC_WARN_ABOUT_RETURN_TYPE = YES_ERROR;
				GCC_WARN_UNDECLARED_SELECTOR = YES;
				GCC_WARN_UNINITIALIZED_AUTOS = YES;
				GCC_WARN_UNUSED_FUNCTION = YES;
				GCC_WARN_UNUSED_VARIABLE = YES;
				IPHONEOS_DEPLOYMENT_TARGET = 7.0;
				SDKROOT = iphoneos;
				VALIDATE_PRODUCT = YES;
			};
			name = Release;
		};
		FA2C49CD18632A260035348F /* Debug */ = {
			isa = XCBuildConfiguration;
			baseConfigurationReference = 3537D53C3F0D4341ADDE93C4 /* Pods.xcconfig */;
			buildSettings = {
				DSTROOT = /tmp/AOTNSURLSessionDownloadOperation.dst;
				GCC_PRECOMPILE_PREFIX_HEADER = YES;
				GCC_PREFIX_HEADER = "AOTNSURLSessionDownloadOperation/AOTNSURLSessionDownloadOperation-Prefix.pch";
				PRODUCT_NAME = "$(TARGET_NAME)";
				SKIP_INSTALL = YES;
			};
			name = Debug;
		};
		FA2C49CE18632A260035348F /* Release */ = {
			isa = XCBuildConfiguration;
			baseConfigurationReference = 3537D53C3F0D4341ADDE93C4 /* Pods.xcconfig */;
			buildSettings = {
				DSTROOT = /tmp/AOTNSURLSessionDownloadOperation.dst;
				GCC_PRECOMPILE_PREFIX_HEADER = YES;
				GCC_PREFIX_HEADER = "AOTNSURLSessionDownloadOperation/AOTNSURLSessionDownloadOperation-Prefix.pch";
				PRODUCT_NAME = "$(TARGET_NAME)";
				SKIP_INSTALL = YES;
			};
			name = Release;
		};
		FA2C49D018632A260035348F /* Debug */ = {
			isa = XCBuildConfiguration;
			buildSettings = {
				ARCHS = "$(ARCHS_STANDARD_INCLUDING_64_BIT)";
				FRAMEWORK_SEARCH_PATHS = (
					"$(SDKROOT)/Developer/Library/Frameworks",
					"$(inherited)",
					"$(DEVELOPER_FRAMEWORKS_DIR)",
				);
				GCC_PRECOMPILE_PREFIX_HEADER = YES;
				GCC_PREFIX_HEADER = "AOTNSURLSessionDownloadOperation/AOTNSURLSessionDownloadOperation-Prefix.pch";
				GCC_PREPROCESSOR_DEFINITIONS = (
					"DEBUG=1",
					"$(inherited)",
				);
				INFOPLIST_FILE = "AOTNSURLSessionDownloadOperationTests/AOTNSURLSessionDownloadOperationTests-Info.plist";
				PRODUCT_NAME = "$(TARGET_NAME)";
				WRAPPER_EXTENSION = xctest;
			};
			name = Debug;
		};
		FA2C49D118632A260035348F /* Release */ = {
			isa = XCBuildConfiguration;
			buildSettings = {
				ARCHS = "$(ARCHS_STANDARD_INCLUDING_64_BIT)";
				FRAMEWORK_SEARCH_PATHS = (
					"$(SDKROOT)/Developer/Library/Frameworks",
					"$(inherited)",
					"$(DEVELOPER_FRAMEWORKS_DIR)",
				);
				GCC_PRECOMPILE_PREFIX_HEADER = YES;
				GCC_PREFIX_HEADER = "AOTNSURLSessionDownloadOperation/AOTNSURLSessionDownloadOperation-Prefix.pch";
				INFOPLIST_FILE = "AOTNSURLSessionDownloadOperationTests/AOTNSURLSessionDownloadOperationTests-Info.plist";
				PRODUCT_NAME = "$(TARGET_NAME)";
				WRAPPER_EXTENSION = xctest;
			};
			name = Release;
		};
/* End XCBuildConfiguration section */

/* Begin XCConfigurationList section */
		FA2C49A418632A260035348F /* Build configuration list for PBXProject "AOTNSURLSessionDownloadOperation" */ = {
			isa = XCConfigurationList;
			buildConfigurations = (
				FA2C49CA18632A260035348F /* Debug */,
				FA2C49CB18632A260035348F /* Release */,
			);
			defaultConfigurationIsVisible = 0;
			defaultConfigurationName = Release;
		};
		FA2C49CC18632A260035348F /* Build configuration list for PBXNativeTarget "AOTNSURLSessionDownloadOperation" */ = {
			isa = XCConfigurationList;
			buildConfigurations = (
				FA2C49CD18632A260035348F /* Debug */,
				FA2C49CE18632A260035348F /* Release */,
			);
			defaultConfigurationIsVisible = 0;
			defaultConfigurationName = Release;
		};
		FA2C49CF18632A260035348F /* Build configuration list for PBXNativeTarget "AOTNSURLSessionDownloadOperationTests" */ = {
			isa = XCConfigurationList;
			buildConfigurations = (
				FA2C49D018632A260035348F /* Debug */,
				FA2C49D118632A260035348F /* Release */,
			);
			defaultConfigurationIsVisible = 0;
			defaultConfigurationName = Release;
		};
/* End XCConfigurationList section */
	};
	rootObject = FA2C49A118632A260035348F /* Project object */;
}
